
Microsoft Visual Studio Solution File, Format Version 12.00
# Visual Studio Version 17
VisualStudioVersion = 17.14.36212.18 d17.14
MinimumVisualStudioVersion = 10.0.40219.1
Project("{FAE04EC0-301F-11D3-BF4B-00C04F79EFBC}") = "assOOP02", "assOOP02\assOOP02.csproj", "{1054E7CA-0C29-4AEC-8CB9-4EC7F68EC33D}"
EndProject
Global
	GlobalSection(SolutionConfigurationPlatforms) = preSolution
		Debug|Any CPU = Debug|Any CPU
		Release|Any CPU = Release|Any CPU
	EndGlobalSection
	GlobalSection(ProjectConfigurationPlatforms) = postSolution
		{1054E7CA-0C29-4AEC-8CB9-4EC7F68EC33D}.Debug|Any CPU.ActiveCfg = Debug|Any CPU
		{1054E7CA-0C29-4AEC-8CB9-4EC7F68EC33D}.Debug|Any CPU.Build.0 = Debug|Any CPU
		{1054E7CA-0C29-4AEC-8CB9-4EC7F68EC33D}.Release|Any CPU.ActiveCfg = Release|Any CPU
		{1054E7CA-0C29-4AEC-8CB9-4EC7F68EC33D}.Release|Any CPU.Build.0 = Release|Any CPU
	EndGlobalSection
	GlobalSection(SolutionProperties) = preSolution
		HideSolutionNode = FALSE
	EndGlobalSection
	GlobalSection(ExtensibilityGlobals) = postSolution
		SolutionGuid = {473F4E01-D306-47CB-95C9-A11A3BA1BA21}
	EndGlobalSection
EndGlobal
